// !$*UTF8*$!
{
	archiveVersion = 1;
	classes = {
	};
	objectVersion = 50;
	objects = {

/* Begin PBXBuildFile section */
		45A520D425B521950069CFF4 /* SwiftUI_UserDefaults_SampleApp.swift in Sources */ = {isa = PBXBuildFile; fileRef = 45A520D325B521950069CFF4 /* SwiftUI_UserDefaults_SampleApp.swift */; };
		45A520D625B521950069CFF4 /* ContentView.swift in Sources */ = {isa = PBXBuildFile; fileRef = 45A520D525B521950069CFF4 /* ContentView.swift */; };
		45A520D825B521990069CFF4 /* Assets.xcassets in Resources */ = {isa = PBXBuildFile; fileRef = 45A520D725B521990069CFF4 /* Assets.xcassets */; };
		45A520DB25B521990069CFF4 /* Preview Assets.xcassets in Resources */ = {isa = PBXBuildFile; fileRef = 45A520DA25B521990069CFF4 /* Preview Assets.xcassets */; };
		45A520E625B521990069CFF4 /* SwiftUI_UserDefaults_SampleTests.swift in Sources */ = {isa = PBXBuildFile; fileRef = 45A520E525B521990069CFF4 /* SwiftUI_UserDefaults_SampleTests.swift */; };
		45A520F125B521990069CFF4 /* SwiftUI_UserDefaults_SampleUITests.swift in Sources */ = {isa = PBXBuildFile; fileRef = 45A520F025B521990069CFF4 /* SwiftUI_UserDefaults_SampleUITests.swift */; };
/* End PBXBuildFile section */

/* Begin PBXContainerItemProxy section */
		45A520E225B521990069CFF4 /* PBXContainerItemProxy */ = {
			isa = PBXContainerItemProxy;
			containerPortal = 45A520C825B521950069CFF4 /* Project object */;
			proxyType = 1;
			remoteGlobalIDString = 45A520CF25B521950069CFF4;
			remoteInfo = "SwiftUI-UserDefaults-Sample";
		};
		45A520ED25B521990069CFF4 /* PBXContainerItemProxy */ = {
			isa = PBXContainerItemProxy;
			containerPortal = 45A520C825B521950069CFF4 /* Project object */;
			proxyType = 1;
			remoteGlobalIDString = 45A520CF25B521950069CFF4;
			remoteInfo = "SwiftUI-UserDefaults-Sample";
		};
/* End PBXContainerItemProxy section */

/* Begin PBXFileReference section */
		45A520D025B521950069CFF4 /* SwiftUI-UserDefaults-Sample.app */ = {isa = PBXFileReference; explicitFileType = wrapper.application; includeInIndex = 0; path = "SwiftUI-UserDefaults-Sample.app"; sourceTree = BUILT_PRODUCTS_DIR; };
		45A520D325B521950069CFF4 /* SwiftUI_UserDefaults_SampleApp.swift */ = {isa = PBXFileReference; lastKnownFileType = sourcecode.swift; path = SwiftUI_UserDefaults_SampleApp.swift; sourceTree = "<group>"; };
		45A520D525B521950069CFF4 /* ContentView.swift */ = {isa = PBXFileReference; lastKnownFileType = sourcecode.swift; path = ContentView.swift; sourceTree = "<group>"; };
		45A520D725B521990069CFF4 /* Assets.xcassets */ = {isa = PBXFileReference; lastKnownFileType = folder.assetcatalog; path = Assets.xcassets; sourceTree = "<group>"; };
		45A520DA25B521990069CFF4 /* Preview Assets.xcassets */ = {isa = PBXFileReference; lastKnownFileType = folder.assetcatalog; path = "Preview Assets.xcassets"; sourceTree = "<group>"; };
		45A520DC25B521990069CFF4 /* Info.plist */ = {isa = PBXFileReference; lastKnownFileType = text.plist.xml; path = Info.plist; sourceTree = "<group>"; };
		45A520E125B521990069CFF4 /* SwiftUI-UserDefaults-SampleTests.xctest */ = {isa = PBXFileReference; explicitFileType = wrapper.cfbundle; includeInIndex = 0; path = "SwiftUI-UserDefaults-SampleTests.xctest"; sourceTree = BUILT_PRODUCTS_DIR; };
		45A520E525B521990069CFF4 /* SwiftUI_UserDefaults_SampleTests.swift */ = {isa = PBXFileReference; lastKnownFileType = sourcecode.swift; path = SwiftUI_UserDefaults_SampleTests.swift; sourceTree = "<group>"; };
		45A520E725B521990069CFF4 /* Info.plist */ = {isa = PBXFileReference; lastKnownFileType = text.plist.xml; path = Info.plist; sourceTree = "<group>"; };
		45A520EC25B521990069CFF4 /* SwiftUI-UserDefaults-SampleUITests.xctest */ = {isa = PBXFileReference; explicitFileType = wrapper.cfbundle; includeInIndex = 0; path = "SwiftUI-UserDefaults-SampleUITests.xctest"; sourceTree = BUILT_PRODUCTS_DIR; };
		45A520F025B521990069CFF4 /* SwiftUI_UserDefaults_SampleUITests.swift */ = {isa = PBXFileReference; lastKnownFileType = sourcecode.swift; path = SwiftUI_UserDefaults_SampleUITests.swift; sourceTree = "<group>"; };
		45A520F225B521990069CFF4 /* Info.plist */ = {isa = PBXFileReference; lastKnownFileType = text.plist.xml; path = Info.plist; sourceTree = "<group>"; };
/* End PBXFileReference section */

/* Begin PBXFrameworksBuildPhase section */
		45A520CD25B521950069CFF4 /* Frameworks */ = {
			isa = PBXFrameworksBuildPhase;
			buildActionMask = 2147483647;
			files = (
			);
			runOnlyForDeploymentPostprocessing = 0;
		};
		45A520DE25B521990069CFF4 /* Frameworks */ = {
			isa = PBXFrameworksBuildPhase;
			buildActionMask = 2147483647;
			files = (
			);
			runOnlyForDeploymentPostprocessing = 0;
		};
		45A520E925B521990069CFF4 /* Frameworks */ = {
			isa = PBXFrameworksBuildPhase;
			buildActionMask = 2147483647;
			files = (
			);
			runOnlyForDeploymentPostprocessing = 0;
		};
/* End PBXFrameworksBuildPhase section */

/* Begin PBXGroup section */
		45A520C725B521950069CFF4 = {
			isa = PBXGroup;
			children = (
				45A520D225B521950069CFF4 /* SwiftUI-UserDefaults-Sample */,
				45A520E425B521990069CFF4 /* SwiftUI-UserDefaults-SampleTests */,
				45A520EF25B521990069CFF4 /* SwiftUI-UserDefaults-SampleUITests */,
				45A520D125B521950069CFF4 /* Products */,
			);
			sourceTree = "<group>";
		};
		45A520D125B521950069CFF4 /* Products */ = {
			isa = PBXGroup;
			children = (
				45A520D025B521950069CFF4 /* SwiftUI-UserDefaults-Sample.app */,
				45A520E125B521990069CFF4 /* SwiftUI-UserDefaults-SampleTests.xctest */,
				45A520EC25B521990069CFF4 /* SwiftUI-UserDefaults-SampleUITests.xctest */,
			);
			name = Products;
			sourceTree = "<group>";
		};
		45A520D225B521950069CFF4 /* SwiftUI-UserDefaults-Sample */ = {
			isa = PBXGroup;
			children = (
				45A520D325B521950069CFF4 /* SwiftUI_UserDefaults_SampleApp.swift */,
				45A520D525B521950069CFF4 /* ContentView.swift */,
				45A520D725B521990069CFF4 /* Assets.xcassets */,
				45A520DC25B521990069CFF4 /* Info.plist */,
				45A520D925B521990069CFF4 /* Preview Content */,
			);
			path = "SwiftUI-UserDefaults-Sample";
			sourceTree = "<group>";
		};
		45A520D925B521990069CFF4 /* Preview Content */ = {
			isa = PBXGroup;
			children = (
				45A520DA25B521990069CFF4 /* Preview Assets.xcassets */,
			);
			path = "Preview Content";
			sourceTree = "<group>";
		};
		45A520E425B521990069CFF4 /* SwiftUI-UserDefaults-SampleTests */ = {
			isa = PBXGroup;
			children = (
				45A520E525B521990069CFF4 /* SwiftUI_UserDefaults_SampleTests.swift */,
				45A520E725B521990069CFF4 /* Info.plist */,
			);
			path = "SwiftUI-UserDefaults-SampleTests";
			sourceTree = "<group>";
		};
		45A520EF25B521990069CFF4 /* SwiftUI-UserDefaults-SampleUITests */ = {
			isa = PBXGroup;
			children = (
				45A520F025B521990069CFF4 /* SwiftUI_UserDefaults_SampleUITests.swift */,
				45A520F225B521990069CFF4 /* Info.plist */,
			);
			path = "SwiftUI-UserDefaults-SampleUITests";
			sourceTree = "<group>";
		};
/* End PBXGroup section */

/* Begin PBXNativeTarget section */
		45A520CF25B521950069CFF4 /* SwiftUI-UserDefaults-Sample */ = {
			isa = PBXNativeTarget;
			buildConfigurationList = 45A520F525B521990069CFF4 /* Build configuration list for PBXNativeTarget "SwiftUI-UserDefaults-Sample" */;
			buildPhases = (
				45A520CC25B521950069CFF4 /* Sources */,
				45A520CD25B521950069CFF4 /* Frameworks */,
				45A520CE25B521950069CFF4 /* Resources */,
			);
			buildRules = (
			);
			dependencies = (
			);
			name = "SwiftUI-UserDefaults-Sample";
			productName = "SwiftUI-UserDefaults-Sample";
			productReference = 45A520D025B521950069CFF4 /* SwiftUI-UserDefaults-Sample.app */;
			productType = "com.apple.product-type.application";
		};
		45A520E025B521990069CFF4 /* SwiftUI-UserDefaults-SampleTests */ = {
			isa = PBXNativeTarget;
			buildConfigurationList = 45A520F825B521990069CFF4 /* Build configuration list for PBXNativeTarget "SwiftUI-UserDefaults-SampleTests" */;
			buildPhases = (
				45A520DD25B521990069CFF4 /* Sources */,
				45A520DE25B521990069CFF4 /* Frameworks */,
				45A520DF25B521990069CFF4 /* Resources */,
			);
			buildRules = (
			);
			dependencies = (
				45A520E325B521990069CFF4 /* PBXTargetDependency */,
			);
			name = "SwiftUI-UserDefaults-SampleTests";
			productName = "SwiftUI-UserDefaults-SampleTests";
			productReference = 45A520E125B521990069CFF4 /* SwiftUI-UserDefaults-SampleTests.xctest */;
			productType = "com.apple.product-type.bundle.unit-test";
		};
		45A520EB25B521990069CFF4 /* SwiftUI-UserDefaults-SampleUITests */ = {
			isa = PBXNativeTarget;
			buildConfigurationList = 45A520FB25B521990069CFF4 /* Build configuration list for PBXNativeTarget "SwiftUI-UserDefaults-SampleUITests" */;
			buildPhases = (
				45A520E825B521990069CFF4 /* Sources */,
				45A520E925B521990069CFF4 /* Frameworks */,
				45A520EA25B521990069CFF4 /* Resources */,
			);
			buildRules = (
			);
			dependencies = (
				45A520EE25B521990069CFF4 /* PBXTargetDependency */,
			);
			name = "SwiftUI-UserDefaults-SampleUITests";
			productName = "SwiftUI-UserDefaults-SampleUITests";
			productReference = 45A520EC25B521990069CFF4 /* SwiftUI-UserDefaults-SampleUITests.xctest */;
			productType = "com.apple.product-type.bundle.ui-testing";
		};
/* End PBXNativeTarget section */

/* Begin PBXProject section */
		45A520C825B521950069CFF4 /* Project object */ = {
			isa = PBXProject;
			attributes = {
				LastSwiftUpdateCheck = 1230;
				LastUpgradeCheck = 1230;
				TargetAttributes = {
					45A520CF25B521950069CFF4 = {
						CreatedOnToolsVersion = 12.3;
					};
					45A520E025B521990069CFF4 = {
						CreatedOnToolsVersion = 12.3;
						TestTargetID = 45A520CF25B521950069CFF4;
					};
					45A520EB25B521990069CFF4 = {
						CreatedOnToolsVersion = 12.3;
						TestTargetID = 45A520CF25B521950069CFF4;
					};
				};
			};
			buildConfigurationList = 45A520CB25B521950069CFF4 /* Build configuration list for PBXProject "SwiftUI-UserDefaults-Sample" */;
			compatibilityVersion = "Xcode 9.3";
			developmentRegion = en;
			hasScannedForEncodings = 0;
			knownRegions = (
				en,
				Base,
			);
			mainGroup = 45A520C725B521950069CFF4;
			productRefGroup = 45A520D125B521950069CFF4 /* Products */;
			projectDirPath = "";
			projectRoot = "";
			targets = (
				45A520CF25B521950069CFF4 /* SwiftUI-UserDefaults-Sample */,
				45A520E025B521990069CFF4 /* SwiftUI-UserDefaults-SampleTests */,
				45A520EB25B521990069CFF4 /* SwiftUI-UserDefaults-SampleUITests */,
			);
		};
/* End PBXProject section */

/* Begin PBXResourcesBuildPhase section */
		45A520CE25B521950069CFF4 /* Resources */ = {
			isa = PBXResourcesBuildPhase;
			buildActionMask = 2147483647;
			files = (
				45A520DB25B521990069CFF4 /* Preview Assets.xcassets in Resources */,
				45A520D825B521990069CFF4 /* Assets.xcassets in Resources */,
			);
			runOnlyForDeploymentPostprocessing = 0;
		};
		45A520DF25B521990069CFF4 /* Resources */ = {
			isa = PBXResourcesBuildPhase;
			buildActionMask = 2147483647;
			files = (
			);
			runOnlyForDeploymentPostprocessing = 0;
		};
		45A520EA25B521990069CFF4 /* Resources */ = {
			isa = PBXResourcesBuildPhase;
			buildActionMask = 2147483647;
			files = (
			);
			runOnlyForDeploymentPostprocessing = 0;
		};
/* End PBXResourcesBuildPhase section */

/* Begin PBXSourcesBuildPhase section */
		45A520CC25B521950069CFF4 /* Sources */ = {
			isa = PBXSourcesBuildPhase;
			buildActionMask = 2147483647;
			files = (
				45A520D625B521950069CFF4 /* ContentView.swift in Sources */,
				45A520D425B521950069CFF4 /* SwiftUI_UserDefaults_SampleApp.swift in Sources */,
			);
			runOnlyForDeploymentPostprocessing = 0;
		};
		45A520DD25B521990069CFF4 /* Sources */ = {
			isa = PBXSourcesBuildPhase;
			buildActionMask = 2147483647;
			files = (
				45A520E625B521990069CFF4 /* SwiftUI_UserDefaults_SampleTests.swift in Sources */,
			);
			runOnlyForDeploymentPostprocessing = 0;
		};
		45A520E825B521990069CFF4 /* Sources */ = {
			isa = PBXSourcesBuildPhase;
			buildActionMask = 2147483647;
			files = (
				45A520F125B521990069CFF4 /* SwiftUI_UserDefaults_SampleUITests.swift in Sources */,
			);
			runOnlyForDeploymentPostprocessing = 0;
		};
/* End PBXSourcesBuildPhase section */

/* Begin PBXTargetDependency section */
		45A520E325B521990069CFF4 /* PBXTargetDependency */ = {
			isa = PBXTargetDependency;
			target = 45A520CF25B521950069CFF4 /* SwiftUI-UserDefaults-Sample */;
			targetProxy = 45A520E225B521990069CFF4 /* PBXContainerItemProxy */;
		};
		45A520EE25B521990069CFF4 /* PBXTargetDependency */ = {
			isa = PBXTargetDependency;
			target = 45A520CF25B521950069CFF4 /* SwiftUI-UserDefaults-Sample */;
			targetProxy = 45A520ED25B521990069CFF4 /* PBXContainerItemProxy */;
		};
/* End PBXTargetDependency section */

/* Begin XCBuildConfiguration section */
		45A520F325B521990069CFF4 /* Debug */ = {
			isa = XCBuildConfiguration;
			buildSettings = {
				ALWAYS_SEARCH_USER_PATHS = NO;
				CLANG_ANALYZER_NONNULL = YES;
				CLANG_ANALYZER_NUMBER_OBJECT_CONVERSION = YES_AGGRESSIVE;
				CLANG_CXX_LANGUAGE_STANDARD = "gnu++14";
				CLANG_CXX_LIBRARY = "libc++";
				CLANG_ENABLE_MODULES = YES;
				CLANG_ENABLE_OBJC_ARC = YES;
				CLANG_ENABLE_OBJC_WEAK = YES;
				CLANG_WARN_BLOCK_CAPTURE_AUTORELEASING = YES;
				CLANG_WARN_BOOL_CONVERSION = YES;
				CLANG_WARN_COMMA = YES;
				CLANG_WARN_CONSTANT_CONVERSION = YES;
				CLANG_WARN_DEPRECATED_OBJC_IMPLEMENTATIONS = YES;
				CLANG_WARN_DIRECT_OBJC_ISA_USAGE = YES_ERROR;
				CLANG_WARN_DOCUMENTATION_COMMENTS = YES;
				CLANG_WARN_EMPTY_BODY = YES;
				CLANG_WARN_ENUM_CONVERSION = YES;
				CLANG_WARN_INFINITE_RECURSION = YES;
				CLANG_WARN_INT_CONVERSION = YES;
				CLANG_WARN_NON_LITERAL_NULL_CONVERSION = YES;
				CLANG_WARN_OBJC_IMPLICIT_RETAIN_SELF = YES;
				CLANG_WARN_OBJC_LITERAL_CONVERSION = YES;
				CLANG_WARN_OBJC_ROOT_CLASS = YES_ERROR;
				CLANG_WARN_QUOTED_INCLUDE_IN_FRAMEWORK_HEADER = YES;
				CLANG_WARN_RANGE_LOOP_ANALYSIS = YES;
				CLANG_WARN_STRICT_PROTOTYPES = YES;
				CLANG_WARN_SUSPICIOUS_MOVE = YES;
				CLANG_WARN_UNGUARDED_AVAILABILITY = YES_AGGRESSIVE;
				CLANG_WARN_UNREACHABLE_CODE = YES;
				CLANG_WARN__DUPLICATE_METHOD_MATCH = YES;
				COPY_PHASE_STRIP = NO;
				DEBUG_INFORMATION_FORMAT = dwarf;
				ENABLE_STRICT_OBJC_MSGSEND = YES;
				ENABLE_TESTABILITY = YES;
				GCC_C_LANGUAGE_STANDARD = gnu11;
				GCC_DYNAMIC_NO_PIC = NO;
				GCC_NO_COMMON_BLOCKS = YES;
				GCC_OPTIMIZATION_LEVEL = 0;
				GCC_PREPROCESSOR_DEFINITIONS = (
					"DEBUG=1",
					"$(inherited)",
				);
				GCC_WARN_64_TO_32_BIT_CONVERSION = YES;
				GCC_WARN_ABOUT_RETURN_TYPE = YES_ERROR;
				GCC_WARN_UNDECLARED_SELECTOR = YES;
				GCC_WARN_UNINITIALIZED_AUTOS = YES_AGGRESSIVE;
				GCC_WARN_UNUSED_FUNCTION = YES;
				GCC_WARN_UNUSED_VARIABLE = YES;
				IPHONEOS_DEPLOYMENT_TARGET = 14.3;
				MTL_ENABLE_DEBUG_INFO = INCLUDE_SOURCE;
				MTL_FAST_MATH = YES;
				ONLY_ACTIVE_ARCH = YES;
				SDKROOT = iphoneos;
				SWIFT_ACTIVE_COMPILATION_CONDITIONS = DEBUG;
				SWIFT_OPTIMIZATION_LEVEL = "-Onone";
			};
			name = Debug;
		};
		45A520F425B521990069CFF4 /* Release */ = {
			isa = XCBuildConfiguration;
			buildSettings = {
				ALWAYS_SEARCH_USER_PATHS = NO;
				CLANG_ANALYZER_NONNULL = YES;
				CLANG_ANALYZER_NUMBER_OBJECT_CONVERSION = YES_AGGRESSIVE;
				CLANG_CXX_LANGUAGE_STANDARD = "gnu++14";
				CLANG_CXX_LIBRARY = "libc++";
				CLANG_ENABLE_MODULES = YES;
				CLANG_ENABLE_OBJC_ARC = YES;
				CLANG_ENABLE_OBJC_WEAK = YES;
				CLANG_WARN_BLOCK_CAPTURE_AUTORELEASING = YES;
				CLANG_WARN_BOOL_CONVERSION = YES;
				CLANG_WARN_COMMA = YES;
				CLANG_WARN_CONSTANT_CONVERSION = YES;
				CLANG_WARN_DEPRECATED_OBJC_IMPLEMENTATIONS = YES;
				CLANG_WARN_DIRECT_OBJC_ISA_USAGE = YES_ERROR;
				CLANG_WARN_DOCUMENTATION_COMMENTS = YES;
				CLANG_WARN_EMPTY_BODY = YES;
				CLANG_WARN_ENUM_CONVERSION = YES;
				CLANG_WARN_INFINITE_RECURSION = YES;
				CLANG_WARN_INT_CONVERSION = YES;
				CLANG_WARN_NON_LITERAL_NULL_CONVERSION = YES;
				CLANG_WARN_OBJC_IMPLICIT_RETAIN_SELF = YES;
				CLANG_WARN_OBJC_LITERAL_CONVERSION = YES;
				CLANG_WARN_OBJC_ROOT_CLASS = YES_ERROR;
				CLANG_WARN_QUOTED_INCLUDE_IN_FRAMEWORK_HEADER = YES;
				CLANG_WARN_RANGE_LOOP_ANALYSIS = YES;
				CLANG_WARN_STRICT_PROTOTYPES = YES;
				CLANG_WARN_SUSPICIOUS_MOVE = YES;
				CLANG_WARN_UNGUARDED_AVAILABILITY = YES_AGGRESSIVE;
				CLANG_WARN_UNREACHABLE_CODE = YES;
				CLANG_WARN__DUPLICATE_METHOD_MATCH = YES;
				COPY_PHASE_STRIP = NO;
				DEBUG_INFORMATION_FORMAT = "dwarf-with-dsym";
				ENABLE_NS_ASSERTIONS = NO;
				ENABLE_STRICT_OBJC_MSGSEND = YES;
				GCC_C_LANGUAGE_STANDARD = gnu11;
				GCC_NO_COMMON_BLOCKS = YES;
				GCC_WARN_64_TO_32_BIT_CONVERSION = YES;
				GCC_WARN_ABOUT_RETURN_TYPE = YES_ERROR;
				GCC_WARN_UNDECLARED_SELECTOR = YES;
				GCC_WARN_UNINITIALIZED_AUTOS = YES_AGGRESSIVE;
				GCC_WARN_UNUSED_FUNCTION = YES;
				GCC_WARN_UNUSED_VARIABLE = YES;
				IPHONEOS_DEPLOYMENT_TARGET = 14.3;
				MTL_ENABLE_DEBUG_INFO = NO;
				MTL_FAST_MATH = YES;
				SDKROOT = iphoneos;
				SWIFT_COMPILATION_MODE = wholemodule;
				SWIFT_OPTIMIZATION_LEVEL = "-O";
				VALIDATE_PRODUCT = YES;
			};
			name = Release;
		};
		45A520F625B521990069CFF4 /* Debug */ = {
			isa = XCBuildConfiguration;
			buildSettings = {
				ASSETCATALOG_COMPILER_APPICON_NAME = AppIcon;
				ASSETCATALOG_COMPILER_GLOBAL_ACCENT_COLOR_NAME = AccentColor;
				CODE_SIGN_STYLE = Automatic;
				DEVELOPMENT_ASSET_PATHS = "\"SwiftUI-UserDefaults-Sample/Preview Content\"";
				ENABLE_PREVIEWS = YES;
				INFOPLIST_FILE = "SwiftUI-UserDefaults-Sample/Info.plist";
				IPHONEOS_DEPLOYMENT_TARGET = 14.0;
				LD_RUNPATH_SEARCH_PATHS = (
					"$(inherited)",
					"@executable_path/Frameworks",
				);
				PRODUCT_BUNDLE_IDENTIFIER = "-1nya.SwiftUI-UserDefaults-Sample";
				PRODUCT_NAME = "$(TARGET_NAME)";
				SWIFT_VERSION = 5.0;
				TARGETED_DEVICE_FAMILY = "1,2";
			};
			name = Debug;
		};
		45A520F725B521990069CFF4 /* Release */ = {
			isa = XCBuildConfiguration;
			buildSettings = {
				ASSETCATALOG_COMPILER_APPICON_NAME = AppIcon;
				ASSETCATALOG_COMPILER_GLOBAL_ACCENT_COLOR_NAME = AccentColor;
				CODE_SIGN_STYLE = Automatic;
				DEVELOPMENT_ASSET_PATHS = "\"SwiftUI-UserDefaults-Sample/Preview Content\"";
				ENABLE_PREVIEWS = YES;
				INFOPLIST_FILE = "SwiftUI-UserDefaults-Sample/Info.plist";
				IPHONEOS_DEPLOYMENT_TARGET = 14.0;
				LD_RUNPATH_SEARCH_PATHS = (
					"$(inherited)",
					"@executable_path/Frameworks",
				);
				PRODUCT_BUNDLE_IDENTIFIER = "-1nya.SwiftUI-UserDefaults-Sample";
				PRODUCT_NAME = "$(TARGET_NAME)";
				SWIFT_VERSION = 5.0;
				TARGETED_DEVICE_FAMILY = "1,2";
			};
			name = Release;
		};
		45A520F925B521990069CFF4 /* Debug */ = {
			isa = XCBuildConfiguration;
			buildSettings = {
				ALWAYS_EMBED_SWIFT_STANDARD_LIBRARIES = YES;
				BUNDLE_LOADER = "$(TEST_HOST)";
				CODE_SIGN_STYLE = Automatic;
				INFOPLIST_FILE = "SwiftUI-UserDefaults-SampleTests/Info.plist";
				IPHONEOS_DEPLOYMENT_TARGET = 14.0;
				LD_RUNPATH_SEARCH_PATHS = (
					"$(inherited)",
					"@executable_path/Frameworks",
					"@loader_path/Frameworks",
				);
				PRODUCT_BUNDLE_IDENTIFIER = "-1nya.SwiftUI-UserDefaults-SampleTests";
				PRODUCT_NAME = "$(TARGET_NAME)";
				SWIFT_VERSION = 5.0;
				TARGETED_DEVICE_FAMILY = "1,2";
				TEST_HOST = "$(BUILT_PRODUCTS_DIR)/SwiftUI-UserDefaults-Sample.app/SwiftUI-UserDefaults-Sample";
			};
			name = Debug;
		};
		45A520FA25B521990069CFF4 /* Release */ = {
			isa = XCBuildConfiguration;
			buildSettings = {
				ALWAYS_EMBED_SWIFT_STANDARD_LIBRARIES = YES;
				BUNDLE_LOADER = "$(TEST_HOST)";
				CODE_SIGN_STYLE = Automatic;
				INFOPLIST_FILE = "SwiftUI-UserDefaults-SampleTests/Info.plist";
				IPHONEOS_DEPLOYMENT_TARGET = 14.0;
				LD_RUNPATH_SEARCH_PATHS = (
					"$(inherited)",
					"@executable_path/Frameworks",
					"@loader_path/Frameworks",
				);
				PRODUCT_BUNDLE_IDENTIFIER = "-1nya.SwiftUI-UserDefaults-SampleTests";
				PRODUCT_NAME = "$(TARGET_NAME)";
				SWIFT_VERSION = 5.0;
				TARGETED_DEVICE_FAMILY = "1,2";
				TEST_HOST = "$(BUILT_PRODUCTS_DIR)/SwiftUI-UserDefaults-Sample.app/SwiftUI-UserDefaults-Sample";
			};
			name = Release;
		};
		45A520FC25B521990069CFF4 /* Debug */ = {
			isa = XCBuildConfiguration;
			buildSettings = {
				ALWAYS_EMBED_SWIFT_STANDARD_LIBRARIES = YES;
				CODE_SIGN_STYLE = Automatic;
				INFOPLIST_FILE = "SwiftUI-UserDefaults-SampleUITests/Info.plist";
				LD_RUNPATH_SEARCH_PATHS = (
					"$(inherited)",
					"@executable_path/Frameworks",
					"@loader_path/Frameworks",
				);
				PRODUCT_BUNDLE_IDENTIFIER = "-1nya.SwiftUI-UserDefaults-SampleUITests";
				PRODUCT_NAME = "$(TARGET_NAME)";
				SWIFT_VERSION = 5.0;
				TARGETED_DEVICE_FAMILY = "1,2";
				TEST_TARGET_NAME = "SwiftUI-UserDefaults-Sample";
			};
			name = Debug;
		};
		45A520FD25B521990069CFF4 /* Release */ = {
			isa = XCBuildConfiguration;
			buildSettings = {
				ALWAYS_EMBED_SWIFT_STANDARD_LIBRARIES = YES;
				CODE_SIGN_STYLE = Automatic;
				INFOPLIST_FILE = "SwiftUI-UserDefaults-SampleUITests/Info.plist";
				LD_RUNPATH_SEARCH_PATHS = (
					"$(inherited)",
					"@executable_path/Frameworks",
					"@loader_path/Frameworks",
				);
				PRODUCT_BUNDLE_IDENTIFIER = "-1nya.SwiftUI-UserDefaults-SampleUITests";
				PRODUCT_NAME = "$(TARGET_NAME)";
				SWIFT_VERSION = 5.0;
				TARGETED_DEVICE_FAMILY = "1,2";
				TEST_TARGET_NAME = "SwiftUI-UserDefaults-Sample";
			};
			name = Release;
		};
/* End XCBuildConfiguration section */

/* Begin XCConfigurationList section */
		45A520CB25B521950069CFF4 /* Build configuration list for PBXProject "SwiftUI-UserDefaults-Sample" */ = {
			isa = XCConfigurationList;
			buildConfigurations = (
				45A520F325B521990069CFF4 /* Debug */,
				45A520F425B521990069CFF4 /* Release */,
			);
			defaultConfigurationIsVisible = 0;
			defaultConfigurationName = Release;
		};
		45A520F525B521990069CFF4 /* Build configuration list for PBXNativeTarget "SwiftUI-UserDefaults-Sample" */ = {
			isa = XCConfigurationList;
			buildConfigurations = (
				45A520F625B521990069CFF4 /* Debug */,
				45A520F725B521990069CFF4 /* Release */,
			);
			defaultConfigurationIsVisible = 0;
			defaultConfigurationName = Release;
		};
		45A520F825B521990069CFF4 /* Build configuration list for PBXNativeTarget "SwiftUI-UserDefaults-SampleTests" */ = {
			isa = XCConfigurationList;
			buildConfigurations = (
				45A520F925B521990069CFF4 /* Debug */,
				45A520FA25B521990069CFF4 /* Release */,
			);
			defaultConfigurationIsVisible = 0;
			defaultConfigurationName = Release;
		};
		45A520FB25B521990069CFF4 /* Build configuration list for PBXNativeTarget "SwiftUI-UserDefaults-SampleUITests" */ = {
			isa = XCConfigurationList;
			buildConfigurations = (
				45A520FC25B521990069CFF4 /* Debug */,
				45A520FD25B521990069CFF4 /* Release */,
			);
			defaultConfigurationIsVisible = 0;
			defaultConfigurationName = Release;
		};
/* End XCConfigurationList section */
	};
	rootObject = 45A520C825B521950069CFF4 /* Project object */;
}
